// !$*UTF8*$!
{
	archiveVersion = 1;
	classes = {
	};
	objectVersion = 50;
	objects = {

/* Begin PBXBuildFile section */
		071B7CD621CAD71700450876 /* ProductCellCollectionViewCell.swift in Sources */ = {isa = PBXBuildFile; fileRef = 071B7CD521CAD71700450876 /* ProductCellCollectionViewCell.swift */; };
		07A6161921CAE10F00C519D1 /* Product.swift in Sources */ = {isa = PBXBuildFile; fileRef = 07A6161821CAE10F00C519D1 /* Product.swift */; };
		07A6161B21CAF11A00C519D1 /* ProductVCViewController.swift in Sources */ = {isa = PBXBuildFile; fileRef = 07A6161A21CAF11A00C519D1 /* ProductVCViewController.swift */; };
		07B3D27321CA65C1009CEC41 /* CategoryCell.swift in Sources */ = {isa = PBXBuildFile; fileRef = 07B3D27221CA65C1009CEC41 /* CategoryCell.swift */; };
		07B3D27521CA684C009CEC41 /* Category.swift in Sources */ = {isa = PBXBuildFile; fileRef = 07B3D27421CA684C009CEC41 /* Category.swift */; };
		07B3D27821CA6ADC009CEC41 /* DataService.swift in Sources */ = {isa = PBXBuildFile; fileRef = 07B3D27721CA6ADC009CEC41 /* DataService.swift */; };
		07C8A55421CA5ED90084DFE8 /* AppDelegate.swift in Sources */ = {isa = PBXBuildFile; fileRef = 07C8A55321CA5ED90084DFE8 /* AppDelegate.swift */; };
		07C8A55621CA5ED90084DFE8 /* CategiriesVC.swift in Sources */ = {isa = PBXBuildFile; fileRef = 07C8A55521CA5ED90084DFE8 /* CategiriesVC.swift */; };
		07C8A55921CA5ED90084DFE8 /* Main.storyboard in Resources */ = {isa = PBXBuildFile; fileRef = 07C8A55721CA5ED90084DFE8 /* Main.storyboard */; };
		07C8A55B21CA5EDA0084DFE8 /* Assets.xcassets in Resources */ = {isa = PBXBuildFile; fileRef = 07C8A55A21CA5EDA0084DFE8 /* Assets.xcassets */; };
		07C8A55E21CA5EDA0084DFE8 /* LaunchScreen.storyboard in Resources */ = {isa = PBXBuildFile; fileRef = 07C8A55C21CA5EDA0084DFE8 /* LaunchScreen.storyboard */; };
/* End PBXBuildFile section */

/* Begin PBXFileReference section */
		071B7CD521CAD71700450876 /* ProductCellCollectionViewCell.swift */ = {isa = PBXFileReference; lastKnownFileType = sourcecode.swift; path = ProductCellCollectionViewCell.swift; sourceTree = "<group>"; };
		07A6161821CAE10F00C519D1 /* Product.swift */ = {isa = PBXFileReference; lastKnownFileType = sourcecode.swift; path = Product.swift; sourceTree = "<group>"; };
		07A6161A21CAF11A00C519D1 /* ProductVCViewController.swift */ = {isa = PBXFileReference; lastKnownFileType = sourcecode.swift; path = ProductVCViewController.swift; sourceTree = "<group>"; };
		07B3D27221CA65C1009CEC41 /* CategoryCell.swift */ = {isa = PBXFileReference; lastKnownFileType = sourcecode.swift; path = CategoryCell.swift; sourceTree = "<group>"; };
		07B3D27421CA684C009CEC41 /* Category.swift */ = {isa = PBXFileReference; lastKnownFileType = sourcecode.swift; path = Category.swift; sourceTree = "<group>"; };
		07B3D27721CA6ADC009CEC41 /* DataService.swift */ = {isa = PBXFileReference; lastKnownFileType = sourcecode.swift; path = DataService.swift; sourceTree = "<group>"; };
		07C8A55021CA5ED90084DFE8 /* app-swag.app */ = {isa = PBXFileReference; explicitFileType = wrapper.application; includeInIndex = 0; path = "app-swag.app"; sourceTree = BUILT_PRODUCTS_DIR; };
		07C8A55321CA5ED90084DFE8 /* AppDelegate.swift */ = {isa = PBXFileReference; lastKnownFileType = sourcecode.swift; path = AppDelegate.swift; sourceTree = "<group>"; };
		07C8A55521CA5ED90084DFE8 /* CategiriesVC.swift */ = {isa = PBXFileReference; lastKnownFileType = sourcecode.swift; path = CategiriesVC.swift; sourceTree = "<group>"; };
		07C8A55821CA5ED90084DFE8 /* Base */ = {isa = PBXFileReference; lastKnownFileType = file.storyboard; name = Base; path = Base.lproj/Main.storyboard; sourceTree = "<group>"; };
		07C8A55A21CA5EDA0084DFE8 /* Assets.xcassets */ = {isa = PBXFileReference; lastKnownFileType = folder.assetcatalog; path = Assets.xcassets; sourceTree = "<group>"; };
		07C8A55D21CA5EDA0084DFE8 /* Base */ = {isa = PBXFileReference; lastKnownFileType = file.storyboard; name = Base; path = Base.lproj/LaunchScreen.storyboard; sourceTree = "<group>"; };
		07C8A55F21CA5EDA0084DFE8 /* Info.plist */ = {isa = PBXFileReference; lastKnownFileType = text.plist.xml; path = Info.plist; sourceTree = "<group>"; };
/* End PBXFileReference section */

/* Begin PBXFrameworksBuildPhase section */
		07C8A54D21CA5ED90084DFE8 /* Frameworks */ = {
			isa = PBXFrameworksBuildPhase;
			buildActionMask = 2147483647;
			files = (
			);
			runOnlyForDeploymentPostprocessing = 0;
		};
/* End PBXFrameworksBuildPhase section */

/* Begin PBXGroup section */
		07B3D26F21CA6519009CEC41 /* Controller */ = {
			isa = PBXGroup;
			children = (
				07C8A55521CA5ED90084DFE8 /* CategiriesVC.swift */,
				07A6161A21CAF11A00C519D1 /* ProductVCViewController.swift */,
			);
			path = Controller;
			sourceTree = "<group>";
		};
		07B3D27021CA652E009CEC41 /* Model */ = {
			isa = PBXGroup;
			children = (
				07B3D27421CA684C009CEC41 /* Category.swift */,
				07A6161821CAE10F00C519D1 /* Product.swift */,
			);
			path = Model;
			sourceTree = "<group>";
		};
		07B3D27121CA6544009CEC41 /* View */ = {
			isa = PBXGroup;
			children = (
				07B3D27221CA65C1009CEC41 /* CategoryCell.swift */,
				071B7CD521CAD71700450876 /* ProductCellCollectionViewCell.swift */,
			);
			path = View;
			sourceTree = "<group>";
		};
		07B3D27621CA6ABC009CEC41 /* Services */ = {
			isa = PBXGroup;
			children = (
				07B3D27721CA6ADC009CEC41 /* DataService.swift */,
			);
			path = Services;
			sourceTree = "<group>";
		};
		07C8A54721CA5ED90084DFE8 = {
			isa = PBXGroup;
			children = (
				07C8A55221CA5ED90084DFE8 /* app-swag */,
				07C8A55121CA5ED90084DFE8 /* Products */,
			);
			sourceTree = "<group>";
		};
		07C8A55121CA5ED90084DFE8 /* Products */ = {
			isa = PBXGroup;
			children = (
				07C8A55021CA5ED90084DFE8 /* app-swag.app */,
			);
			name = Products;
			sourceTree = "<group>";
		};
		07C8A55221CA5ED90084DFE8 /* app-swag */ = {
			isa = PBXGroup;
			children = (
				07B3D27621CA6ABC009CEC41 /* Services */,
				07B3D27121CA6544009CEC41 /* View */,
				07B3D27021CA652E009CEC41 /* Model */,
				07B3D26F21CA6519009CEC41 /* Controller */,
				07C8A55321CA5ED90084DFE8 /* AppDelegate.swift */,
				07C8A55721CA5ED90084DFE8 /* Main.storyboard */,
				07C8A55A21CA5EDA0084DFE8 /* Assets.xcassets */,
				07C8A55C21CA5EDA0084DFE8 /* LaunchScreen.storyboard */,
				07C8A55F21CA5EDA0084DFE8 /* Info.plist */,
			);
			path = "app-swag";
			sourceTree = "<group>";
		};
/* End PBXGroup section */

/* Begin PBXNativeTarget section */
		07C8A54F21CA5ED90084DFE8 /* app-swag */ = {
			isa = PBXNativeTarget;
			buildConfigurationList = 07C8A56221CA5EDA0084DFE8 /* Build configuration list for PBXNativeTarget "app-swag" */;
			buildPhases = (
				07C8A54C21CA5ED90084DFE8 /* Sources */,
				07C8A54D21CA5ED90084DFE8 /* Frameworks */,
				07C8A54E21CA5ED90084DFE8 /* Resources */,
			);
			buildRules = (
			);
			dependencies = (
			);
			name = "app-swag";
			productName = "app-swag";
			productReference = 07C8A55021CA5ED90084DFE8 /* app-swag.app */;
			productType = "com.apple.product-type.application";
		};
/* End PBXNativeTarget section */

/* Begin PBXProject section */
		07C8A54821CA5ED90084DFE8 /* Project object */ = {
			isa = PBXProject;
			attributes = {
				LastSwiftUpdateCheck = 1010;
				LastUpgradeCheck = 1010;
				ORGANIZATIONNAME = "Milos Otasevic";
				TargetAttributes = {
					07C8A54F21CA5ED90084DFE8 = {
						CreatedOnToolsVersion = 10.1;
					};
				};
			};
			buildConfigurationList = 07C8A54B21CA5ED90084DFE8 /* Build configuration list for PBXProject "app-swag" */;
			compatibilityVersion = "Xcode 9.3";
			developmentRegion = en;
			hasScannedForEncodings = 0;
			knownRegions = (
				en,
				Base,
			);
			mainGroup = 07C8A54721CA5ED90084DFE8;
			productRefGroup = 07C8A55121CA5ED90084DFE8 /* Products */;
			projectDirPath = "";
			projectRoot = "";
			targets = (
				07C8A54F21CA5ED90084DFE8 /* app-swag */,
			);
		};
/* End PBXProject section */

/* Begin PBXResourcesBuildPhase section */
		07C8A54E21CA5ED90084DFE8 /* Resources */ = {
			isa = PBXResourcesBuildPhase;
			buildActionMask = 2147483647;
			files = (
				07C8A55E21CA5EDA0084DFE8 /* LaunchScreen.storyboard in Resources */,
				07C8A55B21CA5EDA0084DFE8 /* Assets.xcassets in Resources */,
				07C8A55921CA5ED90084DFE8 /* Main.storyboard in Resources */,
			);
			runOnlyForDeploymentPostprocessing = 0;
		};
/* End PBXResourcesBuildPhase section */

/* Begin PBXSourcesBuildPhase section */
		07C8A54C21CA5ED90084DFE8 /* Sources */ = {
			isa = PBXSourcesBuildPhase;
			buildActionMask = 2147483647;
			files = (
				07C8A55621CA5ED90084DFE8 /* CategiriesVC.swift in Sources */,
				07A6161B21CAF11A00C519D1 /* ProductVCViewController.swift in Sources */,
				07C8A55421CA5ED90084DFE8 /* AppDelegate.swift in Sources */,
				07B3D27321CA65C1009CEC41 /* CategoryCell.swift in Sources */,
				07B3D27521CA684C009CEC41 /* Category.swift in Sources */,
				071B7CD621CAD71700450876 /* ProductCellCollectionViewCell.swift in Sources */,
				07B3D27821CA6ADC009CEC41 /* DataService.swift in Sources */,
				07A6161921CAE10F00C519D1 /* Product.swift in Sources */,
			);
			runOnlyForDeploymentPostprocessing = 0;
		};
/* End PBXSourcesBuildPhase section */

/* Begin PBXVariantGroup section */
		07C8A55721CA5ED90084DFE8 /* Main.storyboard */ = {
			isa = PBXVariantGroup;
			children = (
				07C8A55821CA5ED90084DFE8 /* Base */,
			);
			name = Main.storyboard;
			sourceTree = "<group>";
		};
		07C8A55C21CA5EDA0084DFE8 /* LaunchScreen.storyboard */ = {
			isa = PBXVariantGroup;
			children = (
				07C8A55D21CA5EDA0084DFE8 /* Base */,
			);
			name = LaunchScreen.storyboard;
			sourceTree = "<group>";
		};
/* End PBXVariantGroup section */

/* Begin XCBuildConfiguration section */
		07C8A56021CA5EDA0084DFE8 /* Debug */ = {
			isa = XCBuildConfiguration;
			buildSettings = {
				ALWAYS_SEARCH_USER_PATHS = NO;
				CLANG_ANALYZER_NONNULL = YES;
				CLANG_ANALYZER_NUMBER_OBJECT_CONVERSION = YES_AGGRESSIVE;
				CLANG_CXX_LANGUAGE_STANDARD = "gnu++14";
				CLANG_CXX_LIBRARY = "libc++";
				CLANG_ENABLE_MODULES = YES;
				CLANG_ENABLE_OBJC_ARC = YES;
				CLANG_ENABLE_OBJC_WEAK = YES;
				CLANG_WARN_BLOCK_CAPTURE_AUTORELEASING = YES;
				CLANG_WARN_BOOL_CONVERSION = YES;
				CLANG_WARN_COMMA = YES;
				CLANG_WARN_CONSTANT_CONVERSION = YES;
				CLANG_WARN_DEPRECATED_OBJC_IMPLEMENTATIONS = YES;
				CLANG_WARN_DIRECT_OBJC_ISA_USAGE = YES_ERROR;
				CLANG_WARN_DOCUMENTATION_COMMENTS = YES;
				CLANG_WARN_EMPTY_BODY = YES;
				CLANG_WARN_ENUM_CONVERSION = YES;
				CLANG_WARN_INFINITE_RECURSION = YES;
				CLANG_WARN_INT_CONVERSION = YES;
				CLANG_WARN_NON_LITERAL_NULL_CONVERSION = YES;
				CLANG_WARN_OBJC_IMPLICIT_RETAIN_SELF = YES;
				CLANG_WARN_OBJC_LITERAL_CONVERSION = YES;
				CLANG_WARN_OBJC_ROOT_CLASS = YES_ERROR;
				CLANG_WARN_RANGE_LOOP_ANALYSIS = YES;
				CLANG_WARN_STRICT_PROTOTYPES = YES;
				CLANG_WARN_SUSPICIOUS_MOVE = YES;
				CLANG_WARN_UNGUARDED_AVAILABILITY = YES_AGGRESSIVE;
				CLANG_WARN_UNREACHABLE_CODE = YES;
				CLANG_WARN__DUPLICATE_METHOD_MATCH = YES;
				CODE_SIGN_IDENTITY = "iPhone Developer";
				COPY_PHASE_STRIP = NO;
				DEBUG_INFORMATION_FORMAT = dwarf;
				ENABLE_STRICT_OBJC_MSGSEND = YES;
				ENABLE_TESTABILITY = YES;
				GCC_C_LANGUAGE_STANDARD = gnu11;
				GCC_DYNAMIC_NO_PIC = NO;
				GCC_NO_COMMON_BLOCKS = YES;
				GCC_OPTIMIZATION_LEVEL = 0;
				GCC_PREPROCESSOR_DEFINITIONS = (
					"DEBUG=1",
					"$(inherited)",
				);
				GCC_WARN_64_TO_32_BIT_CONVERSION = YES;
				GCC_WARN_ABOUT_RETURN_TYPE = YES_ERROR;
				GCC_WARN_UNDECLARED_SELECTOR = YES;
				GCC_WARN_UNINITIALIZED_AUTOS = YES_AGGRESSIVE;
				GCC_WARN_UNUSED_FUNCTION = YES;
				GCC_WARN_UNUSED_VARIABLE = YES;
				IPHONEOS_DEPLOYMENT_TARGET = 12.1;
				MTL_ENABLE_DEBUG_INFO = INCLUDE_SOURCE;
				MTL_FAST_MATH = YES;
				ONLY_ACTIVE_ARCH = YES;
				SDKROOT = iphoneos;
				SWIFT_ACTIVE_COMPILATION_CONDITIONS = DEBUG;
				SWIFT_OPTIMIZATION_LEVEL = "-Onone";
			};
			name = Debug;
		};
		07C8A56121CA5EDA0084DFE8 /* Release */ = {
			isa = XCBuildConfiguration;
			buildSettings = {
				ALWAYS_SEARCH_USER_PATHS = NO;
				CLANG_ANALYZER_NONNULL = YES;
				CLANG_ANALYZER_NUMBER_OBJECT_CONVERSION = YES_AGGRESSIVE;
				CLANG_CXX_LANGUAGE_STANDARD = "gnu++14";
				CLANG_CXX_LIBRARY = "libc++";
				CLANG_ENABLE_MODULES = YES;
				CLANG_ENABLE_OBJC_ARC = YES;
				CLANG_ENABLE_OBJC_WEAK = YES;
				CLANG_WARN_BLOCK_CAPTURE_AUTORELEASING = YES;
				CLANG_WARN_BOOL_CONVERSION = YES;
				CLANG_WARN_COMMA = YES;
				CLANG_WARN_CONSTANT_CONVERSION = YES;
				CLANG_WARN_DEPRECATED_OBJC_IMPLEMENTATIONS = YES;
				CLANG_WARN_DIRECT_OBJC_ISA_USAGE = YES_ERROR;
				CLANG_WARN_DOCUMENTATION_COMMENTS = YES;
				CLANG_WARN_EMPTY_BODY = YES;
				CLANG_WARN_ENUM_CONVERSION = YES;
				CLANG_WARN_INFINITE_RECURSION = YES;
				CLANG_WARN_INT_CONVERSION = YES;
				CLANG_WARN_NON_LITERAL_NULL_CONVERSION = YES;
				CLANG_WARN_OBJC_IMPLICIT_RETAIN_SELF = YES;
				CLANG_WARN_OBJC_LITERAL_CONVERSION = YES;
				CLANG_WARN_OBJC_ROOT_CLASS = YES_ERROR;
				CLANG_WARN_RANGE_LOOP_ANALYSIS = YES;
				CLANG_WARN_STRICT_PROTOTYPES = YES;
				CLANG_WARN_SUSPICIOUS_MOVE = YES;
				CLANG_WARN_UNGUARDED_AVAILABILITY = YES_AGGRESSIVE;
				CLANG_WARN_UNREACHABLE_CODE = YES;
				CLANG_WARN__DUPLICATE_METHOD_MATCH = YES;
				CODE_SIGN_IDENTITY = "iPhone Developer";
				COPY_PHASE_STRIP = NO;
				DEBUG_INFORMATION_FORMAT = "dwarf-with-dsym";
				ENABLE_NS_ASSERTIONS = NO;
				ENABLE_STRICT_OBJC_MSGSEND = YES;
				GCC_C_LANGUAGE_STANDARD = gnu11;
				GCC_NO_COMMON_BLOCKS = YES;
				GCC_WARN_64_TO_32_BIT_CONVERSION = YES;
				GCC_WARN_ABOUT_RETURN_TYPE = YES_ERROR;
				GCC_WARN_UNDECLARED_SELECTOR = YES;
				GCC_WARN_UNINITIALIZED_AUTOS = YES_AGGRESSIVE;
				GCC_WARN_UNUSED_FUNCTION = YES;
				GCC_WARN_UNUSED_VARIABLE = YES;
				IPHONEOS_DEPLOYMENT_TARGET = 12.1;
				MTL_ENABLE_DEBUG_INFO = NO;
				MTL_FAST_MATH = YES;
				SDKROOT = iphoneos;
				SWIFT_COMPILATION_MODE = wholemodule;
				SWIFT_OPTIMIZATION_LEVEL = "-O";
				VALIDATE_PRODUCT = YES;
			};
			name = Release;
		};
		07C8A56321CA5EDA0084DFE8 /* Debug */ = {
			isa = XCBuildConfiguration;
			buildSettings = {
				ASSETCATALOG_COMPILER_APPICON_NAME = AppIcon;
				CODE_SIGN_STYLE = Automatic;
				DEVELOPMENT_TEAM = 936J3XZXG4;
				INFOPLIST_FILE = "app-swag/Info.plist";
				LD_RUNPATH_SEARCH_PATHS = (
					"$(inherited)",
					"@executable_path/Frameworks",
				);
				PRODUCT_BUNDLE_IDENTIFIER = "com.milos.app-swag";
				PRODUCT_NAME = "$(TARGET_NAME)";
				SWIFT_VERSION = 4.2;
				TARGETED_DEVICE_FAMILY = "1,2";
			};
			name = Debug;
		};
		07C8A56421CA5EDA0084DFE8 /* Release */ = {
			isa = XCBuildConfiguration;
			buildSettings = {
				ASSETCATALOG_COMPILER_APPICON_NAME = AppIcon;
				CODE_SIGN_STYLE = Automatic;
				DEVELOPMENT_TEAM = 936J3XZXG4;
				INFOPLIST_FILE = "app-swag/Info.plist";
				LD_RUNPATH_SEARCH_PATHS = (
					"$(inherited)",
					"@executable_path/Frameworks",
				);
				PRODUCT_BUNDLE_IDENTIFIER = "com.milos.app-swag";
				PRODUCT_NAME = "$(TARGET_NAME)";
				SWIFT_VERSION = 4.2;
				TARGETED_DEVICE_FAMILY = "1,2";
			};
			name = Release;
		};
/* End XCBuildConfiguration section */

/* Begin XCConfigurationList section */
		07C8A54B21CA5ED90084DFE8 /* Build configuration list for PBXProject "app-swag" */ = {
			isa = XCConfigurationList;
			buildConfigurations = (
				07C8A56021CA5EDA0084DFE8 /* Debug */,
				07C8A56121CA5EDA0084DFE8 /* Release */,
			);
			defaultConfigurationIsVisible = 0;
			defaultConfigurationName = Release;
		};
		07C8A56221CA5EDA0084DFE8 /* Build configuration list for PBXNativeTarget "app-swag" */ = {
			isa = XCConfigurationList;
			buildConfigurations = (
				07C8A56321CA5EDA0084DFE8 /* Debug */,
				07C8A56421CA5EDA0084DFE8 /* Release */,
			);
			defaultConfigurationIsVisible = 0;
			defaultConfigurationName = Release;
		};
/* End XCConfigurationList section */
	};
	rootObject = 07C8A54821CA5ED90084DFE8 /* Project object */;
}
